
Microsoft Visual Studio Solution File, Format Version 12.00
# Visual Studio Version 16
VisualStudioVersion = 16.0.29318.209
MinimumVisualStudioVersion = 10.0.40219.1
Project("{FAE04EC0-301F-11D3-BF4B-00C04F79EFBC}") = "Epidemia", "Epidemia\Epidemia.csproj", "{2BAAF707-57AC-4647-AC18-755095457593}"
EndProject
Global
	GlobalSection(SolutionConfigurationPlatforms) = preSolution
		Debug|Any CPU = Debug|Any CPU
		Release|Any CPU = Release|Any CPU
	EndGlobalSection
	GlobalSection(ProjectConfigurationPlatforms) = postSolution
		{2BAAF707-57AC-4647-AC18-755095457593}.Debug|Any CPU.ActiveCfg = Debug|Any CPU
		{2BAAF707-57AC-4647-AC18-755095457593}.Debug|Any CPU.Build.0 = Debug|Any CPU
		{2BAAF707-57AC-4647-AC18-755095457593}.Release|Any CPU.ActiveCfg = Release|Any CPU
		{2BAAF707-57AC-4647-AC18-755095457593}.Release|Any CPU.Build.0 = Release|Any CPU
	EndGlobalSection
	GlobalSection(SolutionProperties) = preSolution
		HideSolutionNode = FALSE
	EndGlobalSection
	GlobalSection(ExtensibilityGlobals) = postSolution
		SolutionGuid = {850A0C9A-55C8-40FB-A329-DD2E6A217852}
	EndGlobalSection
EndGlobal
